
Microsoft Visual Studio Solution File, Format Version 12.00
# Visual Studio 2012
Project("{FAE04EC0-301F-11D3-BF4B-00C04F79EFBC}") = "VMFirstNav", "VMFirstNav\VMFirstNav.csproj", "{2B91892E-8113-4E9E-982C-7E186FEEB214}"
EndProject
Global
	GlobalSection(SolutionConfigurationPlatforms) = preSolution
		Debug|Any CPU = Debug|Any CPU
		Release|Any CPU = Release|Any CPU
	EndGlobalSection
	GlobalSection(ProjectConfigurationPlatforms) = postSolution
		{2B91892E-8113-4E9E-982C-7E186FEEB214}.Debug|Any CPU.ActiveCfg = Debug|Any CPU
		{2B91892E-8113-4E9E-982C-7E186FEEB214}.Debug|Any CPU.Build.0 = Debug|Any CPU
		{2B91892E-8113-4E9E-982C-7E186FEEB214}.Release|Any CPU.ActiveCfg = Release|Any CPU
		{2B91892E-8113-4E9E-982C-7E186FEEB214}.Release|Any CPU.Build.0 = Release|Any CPU
	EndGlobalSection
EndGlobal
